
Microsoft Visual Studio Solution File, Format Version 12.00
# Visual Studio Version 16
VisualStudioVersion = 16.0.30709.132
MinimumVisualStudioVersion = 10.0.40219.1
Project("{FAE04EC0-301F-11D3-BF4B-00C04F79EFBC}") = "NetCompiler", "FormCompiler\NetCompiler.csproj", "{0EA7842D-94A9-43A6-A679-A16E1277386F}"
EndProject
Project("{FAE04EC0-301F-11D3-BF4B-00C04F79EFBC}") = "Conpiler", "Conpiler\Conpiler.csproj", "{1FE278CF-C724-4B72-8E93-F4B4390FA7D0}"
EndProject
Global
	GlobalSection(SolutionConfigurationPlatforms) = preSolution
		Debug|Any CPU = Debug|Any CPU
		Release|Any CPU = Release|Any CPU
	EndGlobalSection
	GlobalSection(ProjectConfigurationPlatforms) = postSolution
		{0EA7842D-94A9-43A6-A679-A16E1277386F}.Debug|Any CPU.ActiveCfg = Debug|Any CPU
		{0EA7842D-94A9-43A6-A679-A16E1277386F}.Debug|Any CPU.Build.0 = Debug|Any CPU
		{0EA7842D-94A9-43A6-A679-A16E1277386F}.Release|Any CPU.ActiveCfg = Release|Any CPU
		{0EA7842D-94A9-43A6-A679-A16E1277386F}.Release|Any CPU.Build.0 = Release|Any CPU
		{1FE278CF-C724-4B72-8E93-F4B4390FA7D0}.Debug|Any CPU.ActiveCfg = Debug|Any CPU
		{1FE278CF-C724-4B72-8E93-F4B4390FA7D0}.Debug|Any CPU.Build.0 = Debug|Any CPU
		{1FE278CF-C724-4B72-8E93-F4B4390FA7D0}.Release|Any CPU.ActiveCfg = Release|Any CPU
		{1FE278CF-C724-4B72-8E93-F4B4390FA7D0}.Release|Any CPU.Build.0 = Release|Any CPU
	EndGlobalSection
	GlobalSection(SolutionProperties) = preSolution
		HideSolutionNode = FALSE
	EndGlobalSection
	GlobalSection(ExtensibilityGlobals) = postSolution
		SolutionGuid = {0A3B7197-F9E3-4C34-8F8D-62249C4642DB}
	EndGlobalSection
EndGlobal
